// !$*UTF8*$!
{
	archiveVersion = 1;
	classes = {
	};
	objectVersion = 50;
	objects = {

/* Begin PBXBuildFile section */
		0B1B466A268E25E100C0C968 /* AppDelegate.swift in Sources */ = {isa = PBXBuildFile; fileRef = 0B1B4669268E25E100C0C968 /* AppDelegate.swift */; };
		0B1B466C268E25E100C0C968 /* ViewController.swift in Sources */ = {isa = PBXBuildFile; fileRef = 0B1B466B268E25E100C0C968 /* ViewController.swift */; };
		0B1B466F268E25E200C0C968 /* Main.storyboard in Resources */ = {isa = PBXBuildFile; fileRef = 0B1B466D268E25E100C0C968 /* Main.storyboard */; };
		0B1B4671268E260900C0C968 /* Assets.xcassets in Resources */ = {isa = PBXBuildFile; fileRef = 0B1B4670268E260900C0C968 /* Assets.xcassets */; };
		0B1B4674268E260900C0C968 /* LaunchScreen.storyboard in Resources */ = {isa = PBXBuildFile; fileRef = 0B1B4672268E260900C0C968 /* LaunchScreen.storyboard */; };
		0B1B467C268E2E4800C0C968 /* Extentions.swift in Sources */ = {isa = PBXBuildFile; fileRef = 0B1B467B268E2E4800C0C968 /* Extentions.swift */; };
		0B1B467E268E2E8600C0C968 /* noimage.jpg in Resources */ = {isa = PBXBuildFile; fileRef = 0B1B467D268E2E8600C0C968 /* noimage.jpg */; };
		0B4E0E4F26919250000664BB /* photo.png in Resources */ = {isa = PBXBuildFile; fileRef = 0B4E0E4E26919250000664BB /* photo.png */; };
		0B4E0E5126919314000664BB /* add-image.png in Resources */ = {isa = PBXBuildFile; fileRef = 0B4E0E5026919314000664BB /* add-image.png */; };
		0B4E0E5326919609000664BB /* add-image-2.png in Resources */ = {isa = PBXBuildFile; fileRef = 0B4E0E5226919609000664BB /* add-image-2.png */; };
		0B4E0E5526919D31000664BB /* ImaGestures.swift in Sources */ = {isa = PBXBuildFile; fileRef = 0B4E0E5426919D31000664BB /* ImaGestures.swift */; };
		0B4E0E5726919EB2000664BB /* touch-screen.png in Resources */ = {isa = PBXBuildFile; fileRef = 0B4E0E5626919EB2000664BB /* touch-screen.png */; };
		0B4E0E5926919F9C000664BB /* bg2.jpg in Resources */ = {isa = PBXBuildFile; fileRef = 0B4E0E5826919F9B000664BB /* bg2.jpg */; };
		0B4E0E5B26919FAC000664BB /* bg1.jpg in Resources */ = {isa = PBXBuildFile; fileRef = 0B4E0E5A26919FAB000664BB /* bg1.jpg */; };
/* End PBXBuildFile section */

/* Begin PBXFileReference section */
		0B1B4666268E25E100C0C968 /* Image Picker App.app */ = {isa = PBXFileReference; explicitFileType = wrapper.application; includeInIndex = 0; path = "Image Picker App.app"; sourceTree = BUILT_PRODUCTS_DIR; };
		0B1B4669268E25E100C0C968 /* AppDelegate.swift */ = {isa = PBXFileReference; lastKnownFileType = sourcecode.swift; path = AppDelegate.swift; sourceTree = "<group>"; };
		0B1B466B268E25E100C0C968 /* ViewController.swift */ = {isa = PBXFileReference; lastKnownFileType = sourcecode.swift; path = ViewController.swift; sourceTree = "<group>"; };
		0B1B466E268E25E100C0C968 /* Base */ = {isa = PBXFileReference; lastKnownFileType = file.storyboard; name = Base; path = Base.lproj/Main.storyboard; sourceTree = "<group>"; };
		0B1B4670268E260900C0C968 /* Assets.xcassets */ = {isa = PBXFileReference; lastKnownFileType = folder.assetcatalog; path = Assets.xcassets; sourceTree = "<group>"; };
		0B1B4673268E260900C0C968 /* Base */ = {isa = PBXFileReference; lastKnownFileType = file.storyboard; name = Base; path = Base.lproj/LaunchScreen.storyboard; sourceTree = "<group>"; };
		0B1B4675268E260900C0C968 /* Info.plist */ = {isa = PBXFileReference; lastKnownFileType = text.plist.xml; path = Info.plist; sourceTree = "<group>"; };
		0B1B467B268E2E4800C0C968 /* Extentions.swift */ = {isa = PBXFileReference; lastKnownFileType = sourcecode.swift; path = Extentions.swift; sourceTree = "<group>"; };
		0B1B467D268E2E8600C0C968 /* noimage.jpg */ = {isa = PBXFileReference; lastKnownFileType = image.jpeg; path = noimage.jpg; sourceTree = "<group>"; };
		0B4E0E4E26919250000664BB /* photo.png */ = {isa = PBXFileReference; lastKnownFileType = image.png; path = photo.png; sourceTree = "<group>"; };
		0B4E0E5026919314000664BB /* add-image.png */ = {isa = PBXFileReference; lastKnownFileType = image.png; path = "add-image.png"; sourceTree = "<group>"; };
		0B4E0E5226919609000664BB /* add-image-2.png */ = {isa = PBXFileReference; lastKnownFileType = image.png; path = "add-image-2.png"; sourceTree = "<group>"; };
		0B4E0E5426919D31000664BB /* ImaGestures.swift */ = {isa = PBXFileReference; lastKnownFileType = sourcecode.swift; path = ImaGestures.swift; sourceTree = "<group>"; };
		0B4E0E5626919EB2000664BB /* touch-screen.png */ = {isa = PBXFileReference; lastKnownFileType = image.png; path = "touch-screen.png"; sourceTree = "<group>"; };
		0B4E0E5826919F9B000664BB /* bg2.jpg */ = {isa = PBXFileReference; lastKnownFileType = image.jpeg; path = bg2.jpg; sourceTree = "<group>"; };
		0B4E0E5A26919FAB000664BB /* bg1.jpg */ = {isa = PBXFileReference; lastKnownFileType = image.jpeg; path = bg1.jpg; sourceTree = "<group>"; };
/* End PBXFileReference section */

/* Begin PBXFrameworksBuildPhase section */
		0B1B4663268E25E100C0C968 /* Frameworks */ = {
			isa = PBXFrameworksBuildPhase;
			buildActionMask = 2147483647;
			files = (
			);
			runOnlyForDeploymentPostprocessing = 0;
		};
/* End PBXFrameworksBuildPhase section */

/* Begin PBXGroup section */
		0B1B465D268E25E100C0C968 = {
			isa = PBXGroup;
			children = (
				0B1B4668268E25E100C0C968 /* Image Picker App */,
				0B1B4667268E25E100C0C968 /* Products */,
			);
			sourceTree = "<group>";
		};
		0B1B4667268E25E100C0C968 /* Products */ = {
			isa = PBXGroup;
			children = (
				0B1B4666268E25E100C0C968 /* Image Picker App.app */,
			);
			name = Products;
			sourceTree = "<group>";
		};
		0B1B4668268E25E100C0C968 /* Image Picker App */ = {
			isa = PBXGroup;
			children = (
				0B4E0E5C2691A04B000664BB /* Extras */,
				0B4E0E5D2691A054000664BB /* Assets */,
				0B1B466B268E25E100C0C968 /* ViewController.swift */,
				0B4E0E5426919D31000664BB /* ImaGestures.swift */,
				0B1B466D268E25E100C0C968 /* Main.storyboard */,
				0B1B4670268E260900C0C968 /* Assets.xcassets */,
				0B1B4672268E260900C0C968 /* LaunchScreen.storyboard */,
				0B1B4675268E260900C0C968 /* Info.plist */,
			);
			path = "Image Picker App";
			sourceTree = "<group>";
		};
		0B4E0E5C2691A04B000664BB /* Extras */ = {
			isa = PBXGroup;
			children = (
				0B1B4669268E25E100C0C968 /* AppDelegate.swift */,
				0B1B467B268E2E4800C0C968 /* Extentions.swift */,
			);
			path = Extras;
			sourceTree = "<group>";
		};
		0B4E0E5D2691A054000664BB /* Assets */ = {
			isa = PBXGroup;
			children = (
				0B4E0E5A26919FAB000664BB /* bg1.jpg */,
				0B4E0E4E26919250000664BB /* photo.png */,
				0B4E0E5226919609000664BB /* add-image-2.png */,
				0B4E0E5026919314000664BB /* add-image.png */,
				0B4E0E5626919EB2000664BB /* touch-screen.png */,
				0B4E0E5826919F9B000664BB /* bg2.jpg */,
				0B1B467D268E2E8600C0C968 /* noimage.jpg */,
			);
			path = Assets;
			sourceTree = "<group>";
		};
/* End PBXGroup section */

/* Begin PBXNativeTarget section */
		0B1B4665268E25E100C0C968 /* Image Picker App */ = {
			isa = PBXNativeTarget;
			buildConfigurationList = 0B1B4678268E260900C0C968 /* Build configuration list for PBXNativeTarget "Image Picker App" */;
			buildPhases = (
				0B1B4662268E25E100C0C968 /* Sources */,
				0B1B4663268E25E100C0C968 /* Frameworks */,
				0B1B4664268E25E100C0C968 /* Resources */,
			);
			buildRules = (
			);
			dependencies = (
			);
			name = "Image Picker App";
			productName = "Image Picker App";
			productReference = 0B1B4666268E25E100C0C968 /* Image Picker App.app */;
			productType = "com.apple.product-type.application";
		};
/* End PBXNativeTarget section */

/* Begin PBXProject section */
		0B1B465E268E25E100C0C968 /* Project object */ = {
			isa = PBXProject;
			attributes = {
				LastSwiftUpdateCheck = 1020;
				LastUpgradeCheck = 1020;
				ORGANIZATIONNAME = DCS;
				TargetAttributes = {
					0B1B4665268E25E100C0C968 = {
						CreatedOnToolsVersion = 10.2.1;
					};
				};
			};
			buildConfigurationList = 0B1B4661268E25E100C0C968 /* Build configuration list for PBXProject "Image Picker App" */;
			compatibilityVersion = "Xcode 9.3";
			developmentRegion = en;
			hasScannedForEncodings = 0;
			knownRegions = (
				en,
				Base,
			);
			mainGroup = 0B1B465D268E25E100C0C968;
			productRefGroup = 0B1B4667268E25E100C0C968 /* Products */;
			projectDirPath = "";
			projectRoot = "";
			targets = (
				0B1B4665268E25E100C0C968 /* Image Picker App */,
			);
		};
/* End PBXProject section */

/* Begin PBXResourcesBuildPhase section */
		0B1B4664268E25E100C0C968 /* Resources */ = {
			isa = PBXResourcesBuildPhase;
			buildActionMask = 2147483647;
			files = (
				0B4E0E5B26919FAC000664BB /* bg1.jpg in Resources */,
				0B1B4674268E260900C0C968 /* LaunchScreen.storyboard in Resources */,
				0B1B4671268E260900C0C968 /* Assets.xcassets in Resources */,
				0B4E0E5326919609000664BB /* add-image-2.png in Resources */,
				0B4E0E5726919EB2000664BB /* touch-screen.png in Resources */,
				0B4E0E4F26919250000664BB /* photo.png in Resources */,
				0B4E0E5126919314000664BB /* add-image.png in Resources */,
				0B1B466F268E25E200C0C968 /* Main.storyboard in Resources */,
				0B1B467E268E2E8600C0C968 /* noimage.jpg in Resources */,
				0B4E0E5926919F9C000664BB /* bg2.jpg in Resources */,
			);
			runOnlyForDeploymentPostprocessing = 0;
		};
/* End PBXResourcesBuildPhase section */

/* Begin PBXSourcesBuildPhase section */
		0B1B4662268E25E100C0C968 /* Sources */ = {
			isa = PBXSourcesBuildPhase;
			buildActionMask = 2147483647;
			files = (
				0B1B466C268E25E100C0C968 /* ViewController.swift in Sources */,
				0B4E0E5526919D31000664BB /* ImaGestures.swift in Sources */,
				0B1B466A268E25E100C0C968 /* AppDelegate.swift in Sources */,
				0B1B467C268E2E4800C0C968 /* Extentions.swift in Sources */,
			);
			runOnlyForDeploymentPostprocessing = 0;
		};
/* End PBXSourcesBuildPhase section */

/* Begin PBXVariantGroup section */
		0B1B466D268E25E100C0C968 /* Main.storyboard */ = {
			isa = PBXVariantGroup;
			children = (
				0B1B466E268E25E100C0C968 /* Base */,
			);
			name = Main.storyboard;
			sourceTree = "<group>";
		};
		0B1B4672268E260900C0C968 /* LaunchScreen.storyboard */ = {
			isa = PBXVariantGroup;
			children = (
				0B1B4673268E260900C0C968 /* Base */,
			);
			name = LaunchScreen.storyboard;
			sourceTree = "<group>";
		};
/* End PBXVariantGroup section */

/* Begin XCBuildConfiguration section */
		0B1B4676268E260900C0C968 /* Debug */ = {
			isa = XCBuildConfiguration;
			buildSettings = {
				ALWAYS_SEARCH_USER_PATHS = NO;
				CLANG_ANALYZER_NONNULL = YES;
				CLANG_ANALYZER_NUMBER_OBJECT_CONVERSION = YES_AGGRESSIVE;
				CLANG_CXX_LANGUAGE_STANDARD = "gnu++14";
				CLANG_CXX_LIBRARY = "libc++";
				CLANG_ENABLE_MODULES = YES;
				CLANG_ENABLE_OBJC_ARC = YES;
				CLANG_ENABLE_OBJC_WEAK = YES;
				CLANG_WARN_BLOCK_CAPTURE_AUTORELEASING = YES;
				CLANG_WARN_BOOL_CONVERSION = YES;
				CLANG_WARN_COMMA = YES;
				CLANG_WARN_CONSTANT_CONVERSION = YES;
				CLANG_WARN_DEPRECATED_OBJC_IMPLEMENTATIONS = YES;
				CLANG_WARN_DIRECT_OBJC_ISA_USAGE = YES_ERROR;
				CLANG_WARN_DOCUMENTATION_COMMENTS = YES;
				CLANG_WARN_EMPTY_BODY = YES;
				CLANG_WARN_ENUM_CONVERSION = YES;
				CLANG_WARN_INFINITE_RECURSION = YES;
				CLANG_WARN_INT_CONVERSION = YES;
				CLANG_WARN_NON_LITERAL_NULL_CONVERSION = YES;
				CLANG_WARN_OBJC_IMPLICIT_RETAIN_SELF = YES;
				CLANG_WARN_OBJC_LITERAL_CONVERSION = YES;
				CLANG_WARN_OBJC_ROOT_CLASS = YES_ERROR;
				CLANG_WARN_RANGE_LOOP_ANALYSIS = YES;
				CLANG_WARN_STRICT_PROTOTYPES = YES;
				CLANG_WARN_SUSPICIOUS_MOVE = YES;
				CLANG_WARN_UNGUARDED_AVAILABILITY = YES_AGGRESSIVE;
				CLANG_WARN_UNREACHABLE_CODE = YES;
				CLANG_WARN__DUPLICATE_METHOD_MATCH = YES;
				CODE_SIGN_IDENTITY = "iPhone Developer";
				COPY_PHASE_STRIP = NO;
				DEBUG_INFORMATION_FORMAT = dwarf;
				ENABLE_STRICT_OBJC_MSGSEND = YES;
				ENABLE_TESTABILITY = YES;
				GCC_C_LANGUAGE_STANDARD = gnu11;
				GCC_DYNAMIC_NO_PIC = NO;
				GCC_NO_COMMON_BLOCKS = YES;
				GCC_OPTIMIZATION_LEVEL = 0;
				GCC_PREPROCESSOR_DEFINITIONS = (
					"DEBUG=1",
					"$(inherited)",
				);
				GCC_WARN_64_TO_32_BIT_CONVERSION = YES;
				GCC_WARN_ABOUT_RETURN_TYPE = YES_ERROR;
				GCC_WARN_UNDECLARED_SELECTOR = YES;
				GCC_WARN_UNINITIALIZED_AUTOS = YES_AGGRESSIVE;
				GCC_WARN_UNUSED_FUNCTION = YES;
				GCC_WARN_UNUSED_VARIABLE = YES;
				IPHONEOS_DEPLOYMENT_TARGET = 12.2;
				MTL_ENABLE_DEBUG_INFO = INCLUDE_SOURCE;
				MTL_FAST_MATH = YES;
				ONLY_ACTIVE_ARCH = YES;
				SDKROOT = iphoneos;
				SWIFT_ACTIVE_COMPILATION_CONDITIONS = DEBUG;
				SWIFT_OPTIMIZATION_LEVEL = "-Onone";
			};
			name = Debug;
		};
		0B1B4677268E260900C0C968 /* Release */ = {
			isa = XCBuildConfiguration;
			buildSettings = {
				ALWAYS_SEARCH_USER_PATHS = NO;
				CLANG_ANALYZER_NONNULL = YES;
				CLANG_ANALYZER_NUMBER_OBJECT_CONVERSION = YES_AGGRESSIVE;
				CLANG_CXX_LANGUAGE_STANDARD = "gnu++14";
				CLANG_CXX_LIBRARY = "libc++";
				CLANG_ENABLE_MODULES = YES;
				CLANG_ENABLE_OBJC_ARC = YES;
				CLANG_ENABLE_OBJC_WEAK = YES;
				CLANG_WARN_BLOCK_CAPTURE_AUTORELEASING = YES;
				CLANG_WARN_BOOL_CONVERSION = YES;
				CLANG_WARN_COMMA = YES;
				CLANG_WARN_CONSTANT_CONVERSION = YES;
				CLANG_WARN_DEPRECATED_OBJC_IMPLEMENTATIONS = YES;
				CLANG_WARN_DIRECT_OBJC_ISA_USAGE = YES_ERROR;
				CLANG_WARN_DOCUMENTATION_COMMENTS = YES;
				CLANG_WARN_EMPTY_BODY = YES;
				CLANG_WARN_ENUM_CONVERSION = YES;
				CLANG_WARN_INFINITE_RECURSION = YES;
				CLANG_WARN_INT_CONVERSION = YES;
				CLANG_WARN_NON_LITERAL_NULL_CONVERSION = YES;
				CLANG_WARN_OBJC_IMPLICIT_RETAIN_SELF = YES;
				CLANG_WARN_OBJC_LITERAL_CONVERSION = YES;
				CLANG_WARN_OBJC_ROOT_CLASS = YES_ERROR;
				CLANG_WARN_RANGE_LOOP_ANALYSIS = YES;
				CLANG_WARN_STRICT_PROTOTYPES = YES;
				CLANG_WARN_SUSPICIOUS_MOVE = YES;
				CLANG_WARN_UNGUARDED_AVAILABILITY = YES_AGGRESSIVE;
				CLANG_WARN_UNREACHABLE_CODE = YES;
				CLANG_WARN__DUPLICATE_METHOD_MATCH = YES;
				CODE_SIGN_IDENTITY = "iPhone Developer";
				COPY_PHASE_STRIP = NO;
				DEBUG_INFORMATION_FORMAT = "dwarf-with-dsym";
				ENABLE_NS_ASSERTIONS = NO;
				ENABLE_STRICT_OBJC_MSGSEND = YES;
				GCC_C_LANGUAGE_STANDARD = gnu11;
				GCC_NO_COMMON_BLOCKS = YES;
				GCC_WARN_64_TO_32_BIT_CONVERSION = YES;
				GCC_WARN_ABOUT_RETURN_TYPE = YES_ERROR;
				GCC_WARN_UNDECLARED_SELECTOR = YES;
				GCC_WARN_UNINITIALIZED_AUTOS = YES_AGGRESSIVE;
				GCC_WARN_UNUSED_FUNCTION = YES;
				GCC_WARN_UNUSED_VARIABLE = YES;
				IPHONEOS_DEPLOYMENT_TARGET = 12.2;
				MTL_ENABLE_DEBUG_INFO = NO;
				MTL_FAST_MATH = YES;
				SDKROOT = iphoneos;
				SWIFT_COMPILATION_MODE = wholemodule;
				SWIFT_OPTIMIZATION_LEVEL = "-O";
				VALIDATE_PRODUCT = YES;
			};
			name = Release;
		};
		0B1B4679268E260900C0C968 /* Debug */ = {
			isa = XCBuildConfiguration;
			buildSettings = {
				ASSETCATALOG_COMPILER_APPICON_NAME = AppIcon;
				CODE_SIGN_STYLE = Automatic;
				INFOPLIST_FILE = "Image Picker App/Info.plist";
				LD_RUNPATH_SEARCH_PATHS = (
					"$(inherited)",
					"@executable_path/Frameworks",
				);
				PRODUCT_BUNDLE_IDENTIFIER = "in.ac.vnsgu.dcs.Image-Picker-App";
				PRODUCT_NAME = "$(TARGET_NAME)";
				SWIFT_VERSION = 5.0;
				TARGETED_DEVICE_FAMILY = "1,2";
			};
			name = Debug;
		};
		0B1B467A268E260900C0C968 /* Release */ = {
			isa = XCBuildConfiguration;
			buildSettings = {
				ASSETCATALOG_COMPILER_APPICON_NAME = AppIcon;
				CODE_SIGN_STYLE = Automatic;
				INFOPLIST_FILE = "Image Picker App/Info.plist";
				LD_RUNPATH_SEARCH_PATHS = (
					"$(inherited)",
					"@executable_path/Frameworks",
				);
				PRODUCT_BUNDLE_IDENTIFIER = "in.ac.vnsgu.dcs.Image-Picker-App";
				PRODUCT_NAME = "$(TARGET_NAME)";
				SWIFT_VERSION = 5.0;
				TARGETED_DEVICE_FAMILY = "1,2";
			};
			name = Release;
		};
/* End XCBuildConfiguration section */

/* Begin XCConfigurationList section */
		0B1B4661268E25E100C0C968 /* Build configuration list for PBXProject "Image Picker App" */ = {
			isa = XCConfigurationList;
			buildConfigurations = (
				0B1B4676268E260900C0C968 /* Debug */,
				0B1B4677268E260900C0C968 /* Release */,
			);
			defaultConfigurationIsVisible = 0;
			defaultConfigurationName = Release;
		};
		0B1B4678268E260900C0C968 /* Build configuration list for PBXNativeTarget "Image Picker App" */ = {
			isa = XCConfigurationList;
			buildConfigurations = (
				0B1B4679268E260900C0C968 /* Debug */,
				0B1B467A268E260900C0C968 /* Release */,
			);
			defaultConfigurationIsVisible = 0;
			defaultConfigurationName = Release;
		};
/* End XCConfigurationList section */
	};
	rootObject = 0B1B465E268E25E100C0C968 /* Project object */;
}
